
Microsoft Visual Studio Solution File, Format Version 12.00
# Visual Studio Version 17
VisualStudioVersion = 17.13.35806.99 d17.13
MinimumVisualStudioVersion = 10.0.40219.1
Project("{FAE04EC0-301F-11D3-BF4B-00C04F79EFBC}") = "DateTimeAssignment", "DateTimeAssignment.csproj", "{B7B53CB6-CC58-426F-8685-A2E9EED33DE5}"
EndProject
Global
	GlobalSection(SolutionConfigurationPlatforms) = preSolution
		Debug|Any CPU = Debug|Any CPU
		Release|Any CPU = Release|Any CPU
	EndGlobalSection
	GlobalSection(ProjectConfigurationPlatforms) = postSolution
		{B7B53CB6-CC58-426F-8685-A2E9EED33DE5}.Debug|Any CPU.ActiveCfg = Debug|Any CPU
		{B7B53CB6-CC58-426F-8685-A2E9EED33DE5}.Debug|Any CPU.Build.0 = Debug|Any CPU
		{B7B53CB6-CC58-426F-8685-A2E9EED33DE5}.Release|Any CPU.ActiveCfg = Release|Any CPU
		{B7B53CB6-CC58-426F-8685-A2E9EED33DE5}.Release|Any CPU.Build.0 = Release|Any CPU
	EndGlobalSection
	GlobalSection(SolutionProperties) = preSolution
		HideSolutionNode = FALSE
	EndGlobalSection
	GlobalSection(ExtensibilityGlobals) = postSolution
		SolutionGuid = {C5A8987E-ECBD-4DD3-8099-8C783B36CEAC}
	EndGlobalSection
EndGlobal
