
Microsoft Visual Studio Solution File, Format Version 12.00
# Visual Studio Version 17
VisualStudioVersion = 17.13.35806.99 d17.13
MinimumVisualStudioVersion = 10.0.40219.1
Project("{FAE04EC0-301F-11D3-BF4B-00C04F79EFBC}") = "Console App Array Assignment", "Console App Array Assignment.csproj", "{05585E21-2B5B-4B58-9D14-B7765F5B9796}"
EndProject
Global
	GlobalSection(SolutionConfigurationPlatforms) = preSolution
		Debug|Any CPU = Debug|Any CPU
		Release|Any CPU = Release|Any CPU
	EndGlobalSection
	GlobalSection(ProjectConfigurationPlatforms) = postSolution
		{05585E21-2B5B-4B58-9D14-B7765F5B9796}.Debug|Any CPU.ActiveCfg = Debug|Any CPU
		{05585E21-2B5B-4B58-9D14-B7765F5B9796}.Debug|Any CPU.Build.0 = Debug|Any CPU
		{05585E21-2B5B-4B58-9D14-B7765F5B9796}.Release|Any CPU.ActiveCfg = Release|Any CPU
		{05585E21-2B5B-4B58-9D14-B7765F5B9796}.Release|Any CPU.Build.0 = Release|Any CPU
	EndGlobalSection
	GlobalSection(SolutionProperties) = preSolution
		HideSolutionNode = FALSE
	EndGlobalSection
	GlobalSection(ExtensibilityGlobals) = postSolution
		SolutionGuid = {CC675304-4D11-4A7B-BAEA-80C0111BFF5B}
	EndGlobalSection
EndGlobal
