
Microsoft Visual Studio Solution File, Format Version 12.00
# Visual Studio Version 17
VisualStudioVersion = 17.13.35806.99 d17.13
MinimumVisualStudioVersion = 10.0.40219.1
Project("{FAE04EC0-301F-11D3-BF4B-00C04F79EFBC}") = "MethodClassSubmission", "MethodClassSubmission.csproj", "{5D905F47-69F8-4651-BBDE-362CC8292A39}"
EndProject
Global
	GlobalSection(SolutionConfigurationPlatforms) = preSolution
		Debug|Any CPU = Debug|Any CPU
		Release|Any CPU = Release|Any CPU
	EndGlobalSection
	GlobalSection(ProjectConfigurationPlatforms) = postSolution
		{5D905F47-69F8-4651-BBDE-362CC8292A39}.Debug|Any CPU.ActiveCfg = Debug|Any CPU
		{5D905F47-69F8-4651-BBDE-362CC8292A39}.Debug|Any CPU.Build.0 = Debug|Any CPU
		{5D905F47-69F8-4651-BBDE-362CC8292A39}.Release|Any CPU.ActiveCfg = Release|Any CPU
		{5D905F47-69F8-4651-BBDE-362CC8292A39}.Release|Any CPU.Build.0 = Release|Any CPU
	EndGlobalSection
	GlobalSection(SolutionProperties) = preSolution
		HideSolutionNode = FALSE
	EndGlobalSection
	GlobalSection(ExtensibilityGlobals) = postSolution
		SolutionGuid = {36E7810E-AC78-4141-9964-25A7AE34B50C}
	EndGlobalSection
EndGlobal
